
Microsoft Visual Studio Solution File, Format Version 12.00
# Visual Studio Version 17
VisualStudioVersion = 17.12.35527.113
MinimumVisualStudioVersion = 10.0.40219.1
Project("{FAE04EC0-301F-11D3-BF4B-00C04F79EFBC}") = "Skinet", "Skinet\Skinet.csproj", "{74437F16-CC67-4AE4-AF38-4D75A7B4E239}"
EndProject
Project("{FAE04EC0-301F-11D3-BF4B-00C04F79EFBC}") = "Core", "Core\Core.csproj", "{4C6823AA-89C8-4EC3-8E4C-9C1793F3792E}"
EndProject
Project("{FAE04EC0-301F-11D3-BF4B-00C04F79EFBC}") = "Infrastructure", "Infrastructure\Infrastructure.csproj", "{34F14756-6BF2-4500-940B-F26A9F479CC4}"
EndProject
Project("{E53339B2-1760-4266-BCC7-CA923CBCF16C}") = "docker-compose", "docker-compose.dcproj", "{0BF44319-8EB2-4859-B6D1-F4D970AAB8A2}"
EndProject
Global
	GlobalSection(SolutionConfigurationPlatforms) = preSolution
		Debug|Any CPU = Debug|Any CPU
		Release|Any CPU = Release|Any CPU
	EndGlobalSection
	GlobalSection(ProjectConfigurationPlatforms) = postSolution
		{74437F16-CC67-4AE4-AF38-4D75A7B4E239}.Debug|Any CPU.ActiveCfg = Debug|Any CPU
		{74437F16-CC67-4AE4-AF38-4D75A7B4E239}.Debug|Any CPU.Build.0 = Debug|Any CPU
		{74437F16-CC67-4AE4-AF38-4D75A7B4E239}.Release|Any CPU.ActiveCfg = Release|Any CPU
		{74437F16-CC67-4AE4-AF38-4D75A7B4E239}.Release|Any CPU.Build.0 = Release|Any CPU
		{4C6823AA-89C8-4EC3-8E4C-9C1793F3792E}.Debug|Any CPU.ActiveCfg = Debug|Any CPU
		{4C6823AA-89C8-4EC3-8E4C-9C1793F3792E}.Debug|Any CPU.Build.0 = Debug|Any CPU
		{4C6823AA-89C8-4EC3-8E4C-9C1793F3792E}.Release|Any CPU.ActiveCfg = Release|Any CPU
		{4C6823AA-89C8-4EC3-8E4C-9C1793F3792E}.Release|Any CPU.Build.0 = Release|Any CPU
		{34F14756-6BF2-4500-940B-F26A9F479CC4}.Debug|Any CPU.ActiveCfg = Debug|Any CPU
		{34F14756-6BF2-4500-940B-F26A9F479CC4}.Debug|Any CPU.Build.0 = Debug|Any CPU
		{34F14756-6BF2-4500-940B-F26A9F479CC4}.Release|Any CPU.ActiveCfg = Release|Any CPU
		{34F14756-6BF2-4500-940B-F26A9F479CC4}.Release|Any CPU.Build.0 = Release|Any CPU
		{0BF44319-8EB2-4859-B6D1-F4D970AAB8A2}.Debug|Any CPU.ActiveCfg = Debug|Any CPU
		{0BF44319-8EB2-4859-B6D1-F4D970AAB8A2}.Debug|Any CPU.Build.0 = Debug|Any CPU
		{0BF44319-8EB2-4859-B6D1-F4D970AAB8A2}.Release|Any CPU.ActiveCfg = Release|Any CPU
		{0BF44319-8EB2-4859-B6D1-F4D970AAB8A2}.Release|Any CPU.Build.0 = Release|Any CPU
	EndGlobalSection
	GlobalSection(SolutionProperties) = preSolution
		HideSolutionNode = FALSE
	EndGlobalSection
EndGlobal
